
Microsoft Visual Studio Solution File, Format Version 12.00
# Visual Studio Version 17
VisualStudioVersion = 17.4.33205.214
MinimumVisualStudioVersion = 10.0.40219.1
Project("{9A19103F-16F7-4668-BE54-9A1E7A4F7556}") = "ABPEcommerce.Domain", "src\ABPEcommerce.Domain\ABPEcommerce.Domain.csproj", "{554AD327-6DBA-4F8F-96F8-81CE7A0C863F}"
EndProject
Project("{9A19103F-16F7-4668-BE54-9A1E7A4F7556}") = "ABPEcommerce.EntityFrameworkCore", "src\ABPEcommerce.EntityFrameworkCore\ABPEcommerce.EntityFrameworkCore.csproj", "{C956DD76-69C8-4A9C-83EA-D17DF83340FD}"
EndProject
Project("{2150E333-8FDC-42A3-9474-1A3956D46DE8}") = "src", "src", "{CA9AC87F-097E-4F15-8393-4BC07735A5B0}"
EndProject
Project("{2150E333-8FDC-42A3-9474-1A3956D46DE8}") = "test", "test", "{04DBDB01-70F4-4E06-B468-8F87850B22BE}"
EndProject
Project("{9A19103F-16F7-4668-BE54-9A1E7A4F7556}") = "ABPEcommerce.Application.Tests", "test\ABPEcommerce.Application.Tests\ABPEcommerce.Application.Tests.csproj", "{50B2631D-129C-47B3-A587-029CCD6099BC}"
EndProject
Project("{9A19103F-16F7-4668-BE54-9A1E7A4F7556}") = "ABPEcommerce.Domain.Shared", "src\ABPEcommerce.Domain.Shared\ABPEcommerce.Domain.Shared.csproj", "{42F719ED-8413-4895-B5B4-5AB56079BC66}"
EndProject
Project("{9A19103F-16F7-4668-BE54-9A1E7A4F7556}") = "ABPEcommerce.AuthServer", "src\ABPEcommerce.AuthServer\ABPEcommerce.AuthServer.csproj", "{073C361E-B8F4-49F5-93CC-72A3FF49C026}"
EndProject
Project("{9A19103F-16F7-4668-BE54-9A1E7A4F7556}") = "ABPEcommerce.EntityFrameworkCore.Tests", "test\ABPEcommerce.EntityFrameworkCore.Tests\ABPEcommerce.EntityFrameworkCore.Tests.csproj", "{1FE30EB9-74A9-47F5-A9F6-7B1FAB672D81}"
EndProject
Project("{9A19103F-16F7-4668-BE54-9A1E7A4F7556}") = "ABPEcommerce.TestBase", "test\ABPEcommerce.TestBase\ABPEcommerce.TestBase.csproj", "{91853F21-9CD9-4132-BC29-A7D5D84FFFE7}"
EndProject
Project("{9A19103F-16F7-4668-BE54-9A1E7A4F7556}") = "ABPEcommerce.Domain.Tests", "test\ABPEcommerce.Domain.Tests\ABPEcommerce.Domain.Tests.csproj", "{E512F4D9-9375-480F-A2F6-A46509F9D824}"
EndProject
Project("{9A19103F-16F7-4668-BE54-9A1E7A4F7556}") = "ABPEcommerce.HttpApi.Client.ConsoleTestApp", "test\ABPEcommerce.HttpApi.Client.ConsoleTestApp\ABPEcommerce.HttpApi.Client.ConsoleTestApp.csproj", "{EF480016-9127-4916-8735-D2466BDBC582}"
EndProject
Project("{9A19103F-16F7-4668-BE54-9A1E7A4F7556}") = "ABPEcommerce.DbMigrator", "src\ABPEcommerce.DbMigrator\ABPEcommerce.DbMigrator.csproj", "{AA94D832-1CCC-4715-95A9-A483F23A1A5D}"
EndProject
Project("{2150E333-8FDC-42A3-9474-1A3956D46DE8}") = "public", "public", "{1FC76ED6-E68F-4B59-BA91-757EE128EF7E}"
EndProject
Project("{2150E333-8FDC-42A3-9474-1A3956D46DE8}") = "common", "common", "{AADE7104-D563-4F70-9E56-9CE7111D7279}"
EndProject
Project("{2150E333-8FDC-42A3-9474-1A3956D46DE8}") = "domain", "domain", "{51BA9CE4-D5A5-4012-AB15-FB8D5FA8B675}"
EndProject
Project("{2150E333-8FDC-42A3-9474-1A3956D46DE8}") = "auth", "auth", "{3EC76AB7-8492-4151-ACC4-CA474BB90166}"
EndProject
Project("{2150E333-8FDC-42A3-9474-1A3956D46DE8}") = "infrastructure", "infrastructure", "{B0E0A0CC-BB13-488C-A3E6-0699CEF49546}"
EndProject
Project("{2150E333-8FDC-42A3-9474-1A3956D46DE8}") = "admin", "admin", "{C2A37741-4314-4FD8-9339-36AC7D077CB1}"
EndProject
Project("{9A19103F-16F7-4668-BE54-9A1E7A4F7556}") = "ABPEcommerce.Admin.Application", "src\ABPEcommerce.Admin.Application\ABPEcommerce.Admin.Application.csproj", "{D2AAE3FB-6C8A-4EA6-830E-897F7761C568}"
EndProject
Project("{9A19103F-16F7-4668-BE54-9A1E7A4F7556}") = "ABPEcommerce.Admin.Application.Contracts", "src\ABPEcommerce.Admin.Application.Contracts\ABPEcommerce.Admin.Application.Contracts.csproj", "{D472E375-287B-431A-9F6A-A9405A436701}"
EndProject
Project("{9A19103F-16F7-4668-BE54-9A1E7A4F7556}") = "ABPEcommerce.Admin.HttpApi", "src\ABPEcommerce.Admin.HttpApi\ABPEcommerce.Admin.HttpApi.csproj", "{0279FE69-624A-406C-AA5B-1A12FB08AA3A}"
EndProject
Project("{9A19103F-16F7-4668-BE54-9A1E7A4F7556}") = "ABPEcommerce.Admin.HttpApi.Client", "src\ABPEcommerce.Admin.HttpApi.Client\ABPEcommerce.Admin.HttpApi.Client.csproj", "{7EBFAEDA-A7FB-4A6D-80BF-8F6E7D45BDE6}"
EndProject
Project("{9A19103F-16F7-4668-BE54-9A1E7A4F7556}") = "ABPEcommerce.Admin.HttpApi.Host", "src\ABPEcommerce.Admin.HttpApi.Host\ABPEcommerce.Admin.HttpApi.Host.csproj", "{34D97B63-6960-4563-892A-7FC41AD37EFF}"
EndProject
Project("{9A19103F-16F7-4668-BE54-9A1E7A4F7556}") = "ABPEcommerce.Public.Web", "src\ABPEcommerce.Public.Web\ABPEcommerce.Public.Web.csproj", "{7D8A8C89-9913-4679-ADC1-4F9110B307AD}"
EndProject
Project("{9A19103F-16F7-4668-BE54-9A1E7A4F7556}") = "ABPEcommerce.Public.HttpApi.Client", "src\ABPEcommerce.Public.HttpApi.Client\ABPEcommerce.Public.HttpApi.Client.csproj", "{5FF09986-9958-4B59-8CE6-F24C5CFDA309}"
EndProject
Project("{9A19103F-16F7-4668-BE54-9A1E7A4F7556}") = "ABPEcommerce.Public.HttpApi", "src\ABPEcommerce.Public.HttpApi\ABPEcommerce.Public.HttpApi.csproj", "{6627A369-2DB3-44CC-9CFD-6FE689164C63}"
EndProject
Project("{9A19103F-16F7-4668-BE54-9A1E7A4F7556}") = "ABPEcommerce.Public.Application.Contracts", "src\ABPEcommerce.Public.Application.Contracts\ABPEcommerce.Public.Application.Contracts.csproj", "{C45461E1-F6BB-400E-A183-C01E07CF25DD}"
EndProject
Project("{9A19103F-16F7-4668-BE54-9A1E7A4F7556}") = "ABPEcommerce.Public.Application", "src\ABPEcommerce.Public.Application\ABPEcommerce.Public.Application.csproj", "{A0771CBF-D347-4335-A6CD-827B14FA1978}"
EndProject
Project("{FAE04EC0-301F-11D3-BF4B-00C04F79EFBC}") = "ABPEcommerce.Worker", "ABPEcommerce.Worker\ABPEcommerce.Worker.csproj", "{597D5B14-F994-4842-8E40-B5FA8CD267FA}"
EndProject
Global
	GlobalSection(SolutionConfigurationPlatforms) = preSolution
		Debug|Any CPU = Debug|Any CPU
		Release|Any CPU = Release|Any CPU
	EndGlobalSection
	GlobalSection(ProjectConfigurationPlatforms) = postSolution
		{554AD327-6DBA-4F8F-96F8-81CE7A0C863F}.Debug|Any CPU.ActiveCfg = Debug|Any CPU
		{554AD327-6DBA-4F8F-96F8-81CE7A0C863F}.Debug|Any CPU.Build.0 = Debug|Any CPU
		{554AD327-6DBA-4F8F-96F8-81CE7A0C863F}.Release|Any CPU.ActiveCfg = Release|Any CPU
		{554AD327-6DBA-4F8F-96F8-81CE7A0C863F}.Release|Any CPU.Build.0 = Release|Any CPU
		{C956DD76-69C8-4A9C-83EA-D17DF83340FD}.Debug|Any CPU.ActiveCfg = Debug|Any CPU
		{C956DD76-69C8-4A9C-83EA-D17DF83340FD}.Debug|Any CPU.Build.0 = Debug|Any CPU
		{C956DD76-69C8-4A9C-83EA-D17DF83340FD}.Release|Any CPU.ActiveCfg = Release|Any CPU
		{C956DD76-69C8-4A9C-83EA-D17DF83340FD}.Release|Any CPU.Build.0 = Release|Any CPU
		{50B2631D-129C-47B3-A587-029CCD6099BC}.Debug|Any CPU.ActiveCfg = Debug|Any CPU
		{50B2631D-129C-47B3-A587-029CCD6099BC}.Debug|Any CPU.Build.0 = Debug|Any CPU
		{50B2631D-129C-47B3-A587-029CCD6099BC}.Release|Any CPU.ActiveCfg = Release|Any CPU
		{50B2631D-129C-47B3-A587-029CCD6099BC}.Release|Any CPU.Build.0 = Release|Any CPU
		{42F719ED-8413-4895-B5B4-5AB56079BC66}.Debug|Any CPU.ActiveCfg = Debug|Any CPU
		{42F719ED-8413-4895-B5B4-5AB56079BC66}.Debug|Any CPU.Build.0 = Debug|Any CPU
		{42F719ED-8413-4895-B5B4-5AB56079BC66}.Release|Any CPU.ActiveCfg = Release|Any CPU
		{42F719ED-8413-4895-B5B4-5AB56079BC66}.Release|Any CPU.Build.0 = Release|Any CPU
		{073C361E-B8F4-49F5-93CC-72A3FF49C026}.Debug|Any CPU.ActiveCfg = Debug|Any CPU
		{073C361E-B8F4-49F5-93CC-72A3FF49C026}.Debug|Any CPU.Build.0 = Debug|Any CPU
		{073C361E-B8F4-49F5-93CC-72A3FF49C026}.Release|Any CPU.ActiveCfg = Release|Any CPU
		{073C361E-B8F4-49F5-93CC-72A3FF49C026}.Release|Any CPU.Build.0 = Release|Any CPU
		{1FE30EB9-74A9-47F5-A9F6-7B1FAB672D81}.Debug|Any CPU.ActiveCfg = Debug|Any CPU
		{1FE30EB9-74A9-47F5-A9F6-7B1FAB672D81}.Debug|Any CPU.Build.0 = Debug|Any CPU
		{1FE30EB9-74A9-47F5-A9F6-7B1FAB672D81}.Release|Any CPU.ActiveCfg = Release|Any CPU
		{1FE30EB9-74A9-47F5-A9F6-7B1FAB672D81}.Release|Any CPU.Build.0 = Release|Any CPU
		{91853F21-9CD9-4132-BC29-A7D5D84FFFE7}.Debug|Any CPU.ActiveCfg = Debug|Any CPU
		{91853F21-9CD9-4132-BC29-A7D5D84FFFE7}.Debug|Any CPU.Build.0 = Debug|Any CPU
		{91853F21-9CD9-4132-BC29-A7D5D84FFFE7}.Release|Any CPU.ActiveCfg = Release|Any CPU
		{91853F21-9CD9-4132-BC29-A7D5D84FFFE7}.Release|Any CPU.Build.0 = Release|Any CPU
		{E512F4D9-9375-480F-A2F6-A46509F9D824}.Debug|Any CPU.ActiveCfg = Debug|Any CPU
		{E512F4D9-9375-480F-A2F6-A46509F9D824}.Debug|Any CPU.Build.0 = Debug|Any CPU
		{E512F4D9-9375-480F-A2F6-A46509F9D824}.Release|Any CPU.ActiveCfg = Release|Any CPU
		{E512F4D9-9375-480F-A2F6-A46509F9D824}.Release|Any CPU.Build.0 = Release|Any CPU
		{EF480016-9127-4916-8735-D2466BDBC582}.Debug|Any CPU.ActiveCfg = Debug|Any CPU
		{EF480016-9127-4916-8735-D2466BDBC582}.Debug|Any CPU.Build.0 = Debug|Any CPU
		{EF480016-9127-4916-8735-D2466BDBC582}.Release|Any CPU.ActiveCfg = Release|Any CPU
		{EF480016-9127-4916-8735-D2466BDBC582}.Release|Any CPU.Build.0 = Release|Any CPU
		{AA94D832-1CCC-4715-95A9-A483F23A1A5D}.Debug|Any CPU.ActiveCfg = Debug|Any CPU
		{AA94D832-1CCC-4715-95A9-A483F23A1A5D}.Debug|Any CPU.Build.0 = Debug|Any CPU
		{AA94D832-1CCC-4715-95A9-A483F23A1A5D}.Release|Any CPU.ActiveCfg = Release|Any CPU
		{AA94D832-1CCC-4715-95A9-A483F23A1A5D}.Release|Any CPU.Build.0 = Release|Any CPU
		{D2AAE3FB-6C8A-4EA6-830E-897F7761C568}.Debug|Any CPU.ActiveCfg = Debug|Any CPU
		{D2AAE3FB-6C8A-4EA6-830E-897F7761C568}.Debug|Any CPU.Build.0 = Debug|Any CPU
		{D2AAE3FB-6C8A-4EA6-830E-897F7761C568}.Release|Any CPU.ActiveCfg = Release|Any CPU
		{D2AAE3FB-6C8A-4EA6-830E-897F7761C568}.Release|Any CPU.Build.0 = Release|Any CPU
		{D472E375-287B-431A-9F6A-A9405A436701}.Debug|Any CPU.ActiveCfg = Debug|Any CPU
		{D472E375-287B-431A-9F6A-A9405A436701}.Debug|Any CPU.Build.0 = Debug|Any CPU
		{D472E375-287B-431A-9F6A-A9405A436701}.Release|Any CPU.ActiveCfg = Release|Any CPU
		{D472E375-287B-431A-9F6A-A9405A436701}.Release|Any CPU.Build.0 = Release|Any CPU
		{0279FE69-624A-406C-AA5B-1A12FB08AA3A}.Debug|Any CPU.ActiveCfg = Debug|Any CPU
		{0279FE69-624A-406C-AA5B-1A12FB08AA3A}.Debug|Any CPU.Build.0 = Debug|Any CPU
		{0279FE69-624A-406C-AA5B-1A12FB08AA3A}.Release|Any CPU.ActiveCfg = Release|Any CPU
		{0279FE69-624A-406C-AA5B-1A12FB08AA3A}.Release|Any CPU.Build.0 = Release|Any CPU
		{7EBFAEDA-A7FB-4A6D-80BF-8F6E7D45BDE6}.Debug|Any CPU.ActiveCfg = Debug|Any CPU
		{7EBFAEDA-A7FB-4A6D-80BF-8F6E7D45BDE6}.Debug|Any CPU.Build.0 = Debug|Any CPU
		{7EBFAEDA-A7FB-4A6D-80BF-8F6E7D45BDE6}.Release|Any CPU.ActiveCfg = Release|Any CPU
		{7EBFAEDA-A7FB-4A6D-80BF-8F6E7D45BDE6}.Release|Any CPU.Build.0 = Release|Any CPU
		{34D97B63-6960-4563-892A-7FC41AD37EFF}.Debug|Any CPU.ActiveCfg = Debug|Any CPU
		{34D97B63-6960-4563-892A-7FC41AD37EFF}.Debug|Any CPU.Build.0 = Debug|Any CPU
		{34D97B63-6960-4563-892A-7FC41AD37EFF}.Release|Any CPU.ActiveCfg = Release|Any CPU
		{34D97B63-6960-4563-892A-7FC41AD37EFF}.Release|Any CPU.Build.0 = Release|Any CPU
		{7D8A8C89-9913-4679-ADC1-4F9110B307AD}.Debug|Any CPU.ActiveCfg = Debug|Any CPU
		{7D8A8C89-9913-4679-ADC1-4F9110B307AD}.Debug|Any CPU.Build.0 = Debug|Any CPU
		{7D8A8C89-9913-4679-ADC1-4F9110B307AD}.Release|Any CPU.ActiveCfg = Release|Any CPU
		{7D8A8C89-9913-4679-ADC1-4F9110B307AD}.Release|Any CPU.Build.0 = Release|Any CPU
		{5FF09986-9958-4B59-8CE6-F24C5CFDA309}.Debug|Any CPU.ActiveCfg = Debug|Any CPU
		{5FF09986-9958-4B59-8CE6-F24C5CFDA309}.Debug|Any CPU.Build.0 = Debug|Any CPU
		{5FF09986-9958-4B59-8CE6-F24C5CFDA309}.Release|Any CPU.ActiveCfg = Release|Any CPU
		{5FF09986-9958-4B59-8CE6-F24C5CFDA309}.Release|Any CPU.Build.0 = Release|Any CPU
		{6627A369-2DB3-44CC-9CFD-6FE689164C63}.Debug|Any CPU.ActiveCfg = Debug|Any CPU
		{6627A369-2DB3-44CC-9CFD-6FE689164C63}.Debug|Any CPU.Build.0 = Debug|Any CPU
		{6627A369-2DB3-44CC-9CFD-6FE689164C63}.Release|Any CPU.ActiveCfg = Release|Any CPU
		{6627A369-2DB3-44CC-9CFD-6FE689164C63}.Release|Any CPU.Build.0 = Release|Any CPU
		{C45461E1-F6BB-400E-A183-C01E07CF25DD}.Debug|Any CPU.ActiveCfg = Debug|Any CPU
		{C45461E1-F6BB-400E-A183-C01E07CF25DD}.Debug|Any CPU.Build.0 = Debug|Any CPU
		{C45461E1-F6BB-400E-A183-C01E07CF25DD}.Release|Any CPU.ActiveCfg = Release|Any CPU
		{C45461E1-F6BB-400E-A183-C01E07CF25DD}.Release|Any CPU.Build.0 = Release|Any CPU
		{A0771CBF-D347-4335-A6CD-827B14FA1978}.Debug|Any CPU.ActiveCfg = Debug|Any CPU
		{A0771CBF-D347-4335-A6CD-827B14FA1978}.Debug|Any CPU.Build.0 = Debug|Any CPU
		{A0771CBF-D347-4335-A6CD-827B14FA1978}.Release|Any CPU.ActiveCfg = Release|Any CPU
		{A0771CBF-D347-4335-A6CD-827B14FA1978}.Release|Any CPU.Build.0 = Release|Any CPU
		{597D5B14-F994-4842-8E40-B5FA8CD267FA}.Debug|Any CPU.ActiveCfg = Debug|Any CPU
		{597D5B14-F994-4842-8E40-B5FA8CD267FA}.Debug|Any CPU.Build.0 = Debug|Any CPU
		{597D5B14-F994-4842-8E40-B5FA8CD267FA}.Release|Any CPU.ActiveCfg = Release|Any CPU
		{597D5B14-F994-4842-8E40-B5FA8CD267FA}.Release|Any CPU.Build.0 = Release|Any CPU
	EndGlobalSection
	GlobalSection(SolutionProperties) = preSolution
		HideSolutionNode = FALSE
	EndGlobalSection
	GlobalSection(NestedProjects) = preSolution
		{554AD327-6DBA-4F8F-96F8-81CE7A0C863F} = {51BA9CE4-D5A5-4012-AB15-FB8D5FA8B675}
		{C956DD76-69C8-4A9C-83EA-D17DF83340FD} = {B0E0A0CC-BB13-488C-A3E6-0699CEF49546}
		{50B2631D-129C-47B3-A587-029CCD6099BC} = {04DBDB01-70F4-4E06-B468-8F87850B22BE}
		{42F719ED-8413-4895-B5B4-5AB56079BC66} = {51BA9CE4-D5A5-4012-AB15-FB8D5FA8B675}
		{073C361E-B8F4-49F5-93CC-72A3FF49C026} = {3EC76AB7-8492-4151-ACC4-CA474BB90166}
		{1FE30EB9-74A9-47F5-A9F6-7B1FAB672D81} = {04DBDB01-70F4-4E06-B468-8F87850B22BE}
		{91853F21-9CD9-4132-BC29-A7D5D84FFFE7} = {04DBDB01-70F4-4E06-B468-8F87850B22BE}
		{E512F4D9-9375-480F-A2F6-A46509F9D824} = {04DBDB01-70F4-4E06-B468-8F87850B22BE}
		{EF480016-9127-4916-8735-D2466BDBC582} = {04DBDB01-70F4-4E06-B468-8F87850B22BE}
		{AA94D832-1CCC-4715-95A9-A483F23A1A5D} = {B0E0A0CC-BB13-488C-A3E6-0699CEF49546}
		{1FC76ED6-E68F-4B59-BA91-757EE128EF7E} = {CA9AC87F-097E-4F15-8393-4BC07735A5B0}
		{AADE7104-D563-4F70-9E56-9CE7111D7279} = {CA9AC87F-097E-4F15-8393-4BC07735A5B0}
		{51BA9CE4-D5A5-4012-AB15-FB8D5FA8B675} = {AADE7104-D563-4F70-9E56-9CE7111D7279}
		{3EC76AB7-8492-4151-ACC4-CA474BB90166} = {CA9AC87F-097E-4F15-8393-4BC07735A5B0}
		{B0E0A0CC-BB13-488C-A3E6-0699CEF49546} = {AADE7104-D563-4F70-9E56-9CE7111D7279}
		{C2A37741-4314-4FD8-9339-36AC7D077CB1} = {CA9AC87F-097E-4F15-8393-4BC07735A5B0}
		{D2AAE3FB-6C8A-4EA6-830E-897F7761C568} = {C2A37741-4314-4FD8-9339-36AC7D077CB1}
		{D472E375-287B-431A-9F6A-A9405A436701} = {C2A37741-4314-4FD8-9339-36AC7D077CB1}
		{0279FE69-624A-406C-AA5B-1A12FB08AA3A} = {C2A37741-4314-4FD8-9339-36AC7D077CB1}
		{7EBFAEDA-A7FB-4A6D-80BF-8F6E7D45BDE6} = {C2A37741-4314-4FD8-9339-36AC7D077CB1}
		{34D97B63-6960-4563-892A-7FC41AD37EFF} = {C2A37741-4314-4FD8-9339-36AC7D077CB1}
		{7D8A8C89-9913-4679-ADC1-4F9110B307AD} = {1FC76ED6-E68F-4B59-BA91-757EE128EF7E}
		{5FF09986-9958-4B59-8CE6-F24C5CFDA309} = {1FC76ED6-E68F-4B59-BA91-757EE128EF7E}
		{6627A369-2DB3-44CC-9CFD-6FE689164C63} = {1FC76ED6-E68F-4B59-BA91-757EE128EF7E}
		{C45461E1-F6BB-400E-A183-C01E07CF25DD} = {1FC76ED6-E68F-4B59-BA91-757EE128EF7E}
		{A0771CBF-D347-4335-A6CD-827B14FA1978} = {1FC76ED6-E68F-4B59-BA91-757EE128EF7E}
		{597D5B14-F994-4842-8E40-B5FA8CD267FA} = {B0E0A0CC-BB13-488C-A3E6-0699CEF49546}
	EndGlobalSection
	GlobalSection(ExtensibilityGlobals) = postSolution
		SolutionGuid = {28315BFD-90E7-4E14-A2EA-F3D23AF4126F}
	EndGlobalSection
EndGlobal
